
Microsoft Visual Studio Solution File, Format Version 12.00
# Visual Studio Version 16
VisualStudioVersion = 16.0.30907.101
MinimumVisualStudioVersion = 10.0.40219.1
Project("{FAE04EC0-301F-11D3-BF4B-00C04F79EFBC}") = "ProductMicroService", "ProductMicroService\ProductMicroService.csproj", "{011C1F2D-6AEA-4990-9CF6-8E3C99D91E2E}"
EndProject
Project("{E53339B2-1760-4266-BCC7-CA923CBCF16C}") = "docker-compose", "docker-compose.dcproj", "{43E1471B-1E2E-4A3C-8CFA-5BDF36D7B016}"
EndProject
Global
	GlobalSection(SolutionConfigurationPlatforms) = preSolution
		Debug|Any CPU = Debug|Any CPU
		Release|Any CPU = Release|Any CPU
	EndGlobalSection
	GlobalSection(ProjectConfigurationPlatforms) = postSolution
		{011C1F2D-6AEA-4990-9CF6-8E3C99D91E2E}.Debug|Any CPU.ActiveCfg = Debug|Any CPU
		{011C1F2D-6AEA-4990-9CF6-8E3C99D91E2E}.Debug|Any CPU.Build.0 = Debug|Any CPU
		{011C1F2D-6AEA-4990-9CF6-8E3C99D91E2E}.Release|Any CPU.ActiveCfg = Release|Any CPU
		{011C1F2D-6AEA-4990-9CF6-8E3C99D91E2E}.Release|Any CPU.Build.0 = Release|Any CPU
		{43E1471B-1E2E-4A3C-8CFA-5BDF36D7B016}.Debug|Any CPU.ActiveCfg = Debug|Any CPU
		{43E1471B-1E2E-4A3C-8CFA-5BDF36D7B016}.Debug|Any CPU.Build.0 = Debug|Any CPU
		{43E1471B-1E2E-4A3C-8CFA-5BDF36D7B016}.Release|Any CPU.ActiveCfg = Release|Any CPU
		{43E1471B-1E2E-4A3C-8CFA-5BDF36D7B016}.Release|Any CPU.Build.0 = Release|Any CPU
	EndGlobalSection
	GlobalSection(SolutionProperties) = preSolution
		HideSolutionNode = FALSE
	EndGlobalSection
	GlobalSection(ExtensibilityGlobals) = postSolution
		SolutionGuid = {B3AF3B8D-78A1-4FC2-ABD5-0DB2FF86B90E}
	EndGlobalSection
EndGlobal
